// !$*UTF8*$!
{
	archiveVersion = 1;
	classes = {
	};
	objectVersion = 55;
	objects = {

/* Begin PBXBuildFile section */
		36CA68A6282AF008008A72AB /* AppDelegate.swift in Sources */ = {isa = PBXBuildFile; fileRef = 36CA68A5282AF008008A72AB /* AppDelegate.swift */; };
		36CA68A8282AF008008A72AB /* SceneDelegate.swift in Sources */ = {isa = PBXBuildFile; fileRef = 36CA68A7282AF008008A72AB /* SceneDelegate.swift */; };
		36CA68AA282AF008008A72AB /* ViewController.swift in Sources */ = {isa = PBXBuildFile; fileRef = 36CA68A9282AF008008A72AB /* ViewController.swift */; };
		36CA68AD282AF008008A72AB /* Main.storyboard in Resources */ = {isa = PBXBuildFile; fileRef = 36CA68AB282AF008008A72AB /* Main.storyboard */; };
		36CA68B0282AF008008A72AB /* FinalProject1.xcdatamodeld in Sources */ = {isa = PBXBuildFile; fileRef = 36CA68AE282AF008008A72AB /* FinalProject1.xcdatamodeld */; };
		36CA68B2282AF00B008A72AB /* Assets.xcassets in Resources */ = {isa = PBXBuildFile; fileRef = 36CA68B1282AF00B008A72AB /* Assets.xcassets */; };
		36CA68B5282AF00B008A72AB /* LaunchScreen.storyboard in Resources */ = {isa = PBXBuildFile; fileRef = 36CA68B3282AF00B008A72AB /* LaunchScreen.storyboard */; };
		36CA68C0282AF00B008A72AB /* FinalProject1Tests.swift in Sources */ = {isa = PBXBuildFile; fileRef = 36CA68BF282AF00B008A72AB /* FinalProject1Tests.swift */; };
		36CA68CA282AF00B008A72AB /* FinalProject1UITests.swift in Sources */ = {isa = PBXBuildFile; fileRef = 36CA68C9282AF00B008A72AB /* FinalProject1UITests.swift */; };
		36CA68CC282AF00B008A72AB /* FinalProject1UITestsLaunchTests.swift in Sources */ = {isa = PBXBuildFile; fileRef = 36CA68CB282AF00B008A72AB /* FinalProject1UITestsLaunchTests.swift */; };
/* End PBXBuildFile section */

/* Begin PBXContainerItemProxy section */
		36CA68BC282AF00B008A72AB /* PBXContainerItemProxy */ = {
			isa = PBXContainerItemProxy;
			containerPortal = 36CA689A282AF008008A72AB /* Project object */;
			proxyType = 1;
			remoteGlobalIDString = 36CA68A1282AF008008A72AB;
			remoteInfo = FinalProject1;
		};
		36CA68C6282AF00B008A72AB /* PBXContainerItemProxy */ = {
			isa = PBXContainerItemProxy;
			containerPortal = 36CA689A282AF008008A72AB /* Project object */;
			proxyType = 1;
			remoteGlobalIDString = 36CA68A1282AF008008A72AB;
			remoteInfo = FinalProject1;
		};
/* End PBXContainerItemProxy section */

/* Begin PBXFileReference section */
		36CA68A2282AF008008A72AB /* FinalProject1.app */ = {isa = PBXFileReference; explicitFileType = wrapper.application; includeInIndex = 0; path = FinalProject1.app; sourceTree = BUILT_PRODUCTS_DIR; };
		36CA68A5282AF008008A72AB /* AppDelegate.swift */ = {isa = PBXFileReference; lastKnownFileType = sourcecode.swift; path = AppDelegate.swift; sourceTree = "<group>"; };
		36CA68A7282AF008008A72AB /* SceneDelegate.swift */ = {isa = PBXFileReference; lastKnownFileType = sourcecode.swift; path = SceneDelegate.swift; sourceTree = "<group>"; };
		36CA68A9282AF008008A72AB /* ViewController.swift */ = {isa = PBXFileReference; lastKnownFileType = sourcecode.swift; path = ViewController.swift; sourceTree = "<group>"; usesTabs = 0; };
		36CA68AC282AF008008A72AB /* Base */ = {isa = PBXFileReference; lastKnownFileType = file.storyboard; name = Base; path = Base.lproj/Main.storyboard; sourceTree = "<group>"; };
		36CA68AF282AF008008A72AB /* FinalProject1.xcdatamodel */ = {isa = PBXFileReference; lastKnownFileType = wrapper.xcdatamodel; path = FinalProject1.xcdatamodel; sourceTree = "<group>"; };
		36CA68B1282AF00B008A72AB /* Assets.xcassets */ = {isa = PBXFileReference; lastKnownFileType = folder.assetcatalog; path = Assets.xcassets; sourceTree = "<group>"; };
		36CA68B4282AF00B008A72AB /* Base */ = {isa = PBXFileReference; lastKnownFileType = file.storyboard; name = Base; path = Base.lproj/LaunchScreen.storyboard; sourceTree = "<group>"; };
		36CA68B6282AF00B008A72AB /* Info.plist */ = {isa = PBXFileReference; lastKnownFileType = text.plist.xml; path = Info.plist; sourceTree = "<group>"; };
		36CA68BB282AF00B008A72AB /* FinalProject1Tests.xctest */ = {isa = PBXFileReference; explicitFileType = wrapper.cfbundle; includeInIndex = 0; path = FinalProject1Tests.xctest; sourceTree = BUILT_PRODUCTS_DIR; };
		36CA68BF282AF00B008A72AB /* FinalProject1Tests.swift */ = {isa = PBXFileReference; lastKnownFileType = sourcecode.swift; path = FinalProject1Tests.swift; sourceTree = "<group>"; };
		36CA68C5282AF00B008A72AB /* FinalProject1UITests.xctest */ = {isa = PBXFileReference; explicitFileType = wrapper.cfbundle; includeInIndex = 0; path = FinalProject1UITests.xctest; sourceTree = BUILT_PRODUCTS_DIR; };
		36CA68C9282AF00B008A72AB /* FinalProject1UITests.swift */ = {isa = PBXFileReference; lastKnownFileType = sourcecode.swift; path = FinalProject1UITests.swift; sourceTree = "<group>"; };
		36CA68CB282AF00B008A72AB /* FinalProject1UITestsLaunchTests.swift */ = {isa = PBXFileReference; lastKnownFileType = sourcecode.swift; path = FinalProject1UITestsLaunchTests.swift; sourceTree = "<group>"; };
/* End PBXFileReference section */

/* Begin PBXFrameworksBuildPhase section */
		36CA689F282AF008008A72AB /* Frameworks */ = {
			isa = PBXFrameworksBuildPhase;
			buildActionMask = 2147483647;
			files = (
			);
			runOnlyForDeploymentPostprocessing = 0;
		};
		36CA68B8282AF00B008A72AB /* Frameworks */ = {
			isa = PBXFrameworksBuildPhase;
			buildActionMask = 2147483647;
			files = (
			);
			runOnlyForDeploymentPostprocessing = 0;
		};
		36CA68C2282AF00B008A72AB /* Frameworks */ = {
			isa = PBXFrameworksBuildPhase;
			buildActionMask = 2147483647;
			files = (
			);
			runOnlyForDeploymentPostprocessing = 0;
		};
/* End PBXFrameworksBuildPhase section */

/* Begin PBXGroup section */
		36CA6899282AF008008A72AB = {
			isa = PBXGroup;
			children = (
				36CA68A4282AF008008A72AB /* FinalProject1 */,
				36CA68BE282AF00B008A72AB /* FinalProject1Tests */,
				36CA68C8282AF00B008A72AB /* FinalProject1UITests */,
				36CA68A3282AF008008A72AB /* Products */,
			);
			sourceTree = "<group>";
		};
		36CA68A3282AF008008A72AB /* Products */ = {
			isa = PBXGroup;
			children = (
				36CA68A2282AF008008A72AB /* FinalProject1.app */,
				36CA68BB282AF00B008A72AB /* FinalProject1Tests.xctest */,
				36CA68C5282AF00B008A72AB /* FinalProject1UITests.xctest */,
			);
			name = Products;
			sourceTree = "<group>";
		};
		36CA68A4282AF008008A72AB /* FinalProject1 */ = {
			isa = PBXGroup;
			children = (
				36CA68A5282AF008008A72AB /* AppDelegate.swift */,
				36CA68A7282AF008008A72AB /* SceneDelegate.swift */,
				36CA68A9282AF008008A72AB /* ViewController.swift */,
				36CA68AB282AF008008A72AB /* Main.storyboard */,
				36CA68B1282AF00B008A72AB /* Assets.xcassets */,
				36CA68B3282AF00B008A72AB /* LaunchScreen.storyboard */,
				36CA68B6282AF00B008A72AB /* Info.plist */,
				36CA68AE282AF008008A72AB /* FinalProject1.xcdatamodeld */,
			);
			path = FinalProject1;
			sourceTree = "<group>";
		};
		36CA68BE282AF00B008A72AB /* FinalProject1Tests */ = {
			isa = PBXGroup;
			children = (
				36CA68BF282AF00B008A72AB /* FinalProject1Tests.swift */,
			);
			path = FinalProject1Tests;
			sourceTree = "<group>";
		};
		36CA68C8282AF00B008A72AB /* FinalProject1UITests */ = {
			isa = PBXGroup;
			children = (
				36CA68C9282AF00B008A72AB /* FinalProject1UITests.swift */,
				36CA68CB282AF00B008A72AB /* FinalProject1UITestsLaunchTests.swift */,
			);
			path = FinalProject1UITests;
			sourceTree = "<group>";
		};
/* End PBXGroup section */

/* Begin PBXNativeTarget section */
		36CA68A1282AF008008A72AB /* FinalProject1 */ = {
			isa = PBXNativeTarget;
			buildConfigurationList = 36CA68CF282AF00B008A72AB /* Build configuration list for PBXNativeTarget "FinalProject1" */;
			buildPhases = (
				36CA689E282AF008008A72AB /* Sources */,
				36CA689F282AF008008A72AB /* Frameworks */,
				36CA68A0282AF008008A72AB /* Resources */,
			);
			buildRules = (
			);
			dependencies = (
			);
			name = FinalProject1;
			productName = FinalProject1;
			productReference = 36CA68A2282AF008008A72AB /* FinalProject1.app */;
			productType = "com.apple.product-type.application";
		};
		36CA68BA282AF00B008A72AB /* FinalProject1Tests */ = {
			isa = PBXNativeTarget;
			buildConfigurationList = 36CA68D2282AF00B008A72AB /* Build configuration list for PBXNativeTarget "FinalProject1Tests" */;
			buildPhases = (
				36CA68B7282AF00B008A72AB /* Sources */,
				36CA68B8282AF00B008A72AB /* Frameworks */,
				36CA68B9282AF00B008A72AB /* Resources */,
			);
			buildRules = (
			);
			dependencies = (
				36CA68BD282AF00B008A72AB /* PBXTargetDependency */,
			);
			name = FinalProject1Tests;
			productName = FinalProject1Tests;
			productReference = 36CA68BB282AF00B008A72AB /* FinalProject1Tests.xctest */;
			productType = "com.apple.product-type.bundle.unit-test";
		};
		36CA68C4282AF00B008A72AB /* FinalProject1UITests */ = {
			isa = PBXNativeTarget;
			buildConfigurationList = 36CA68D5282AF00B008A72AB /* Build configuration list for PBXNativeTarget "FinalProject1UITests" */;
			buildPhases = (
				36CA68C1282AF00B008A72AB /* Sources */,
				36CA68C2282AF00B008A72AB /* Frameworks */,
				36CA68C3282AF00B008A72AB /* Resources */,
			);
			buildRules = (
			);
			dependencies = (
				36CA68C7282AF00B008A72AB /* PBXTargetDependency */,
			);
			name = FinalProject1UITests;
			productName = FinalProject1UITests;
			productReference = 36CA68C5282AF00B008A72AB /* FinalProject1UITests.xctest */;
			productType = "com.apple.product-type.bundle.ui-testing";
		};
/* End PBXNativeTarget section */

/* Begin PBXProject section */
		36CA689A282AF008008A72AB /* Project object */ = {
			isa = PBXProject;
			attributes = {
				BuildIndependentTargetsInParallel = 1;
				LastSwiftUpdateCheck = 1320;
				LastUpgradeCheck = 1320;
				TargetAttributes = {
					36CA68A1282AF008008A72AB = {
						CreatedOnToolsVersion = 13.2.1;
					};
					36CA68BA282AF00B008A72AB = {
						CreatedOnToolsVersion = 13.2.1;
						TestTargetID = 36CA68A1282AF008008A72AB;
					};
					36CA68C4282AF00B008A72AB = {
						CreatedOnToolsVersion = 13.2.1;
						TestTargetID = 36CA68A1282AF008008A72AB;
					};
				};
			};
			buildConfigurationList = 36CA689D282AF008008A72AB /* Build configuration list for PBXProject "FinalProject1" */;
			compatibilityVersion = "Xcode 13.0";
			developmentRegion = en;
			hasScannedForEncodings = 0;
			knownRegions = (
				en,
				Base,
			);
			mainGroup = 36CA6899282AF008008A72AB;
			productRefGroup = 36CA68A3282AF008008A72AB /* Products */;
			projectDirPath = "";
			projectRoot = "";
			targets = (
				36CA68A1282AF008008A72AB /* FinalProject1 */,
				36CA68BA282AF00B008A72AB /* FinalProject1Tests */,
				36CA68C4282AF00B008A72AB /* FinalProject1UITests */,
			);
		};
/* End PBXProject section */

/* Begin PBXResourcesBuildPhase section */
		36CA68A0282AF008008A72AB /* Resources */ = {
			isa = PBXResourcesBuildPhase;
			buildActionMask = 2147483647;
			files = (
				36CA68B5282AF00B008A72AB /* LaunchScreen.storyboard in Resources */,
				36CA68B2282AF00B008A72AB /* Assets.xcassets in Resources */,
				36CA68AD282AF008008A72AB /* Main.storyboard in Resources */,
			);
			runOnlyForDeploymentPostprocessing = 0;
		};
		36CA68B9282AF00B008A72AB /* Resources */ = {
			isa = PBXResourcesBuildPhase;
			buildActionMask = 2147483647;
			files = (
			);
			runOnlyForDeploymentPostprocessing = 0;
		};
		36CA68C3282AF00B008A72AB /* Resources */ = {
			isa = PBXResourcesBuildPhase;
			buildActionMask = 2147483647;
			files = (
			);
			runOnlyForDeploymentPostprocessing = 0;
		};
/* End PBXResourcesBuildPhase section */

/* Begin PBXSourcesBuildPhase section */
		36CA689E282AF008008A72AB /* Sources */ = {
			isa = PBXSourcesBuildPhase;
			buildActionMask = 2147483647;
			files = (
				36CA68B0282AF008008A72AB /* FinalProject1.xcdatamodeld in Sources */,
				36CA68AA282AF008008A72AB /* ViewController.swift in Sources */,
				36CA68A6282AF008008A72AB /* AppDelegate.swift in Sources */,
				36CA68A8282AF008008A72AB /* SceneDelegate.swift in Sources */,
			);
			runOnlyForDeploymentPostprocessing = 0;
		};
		36CA68B7282AF00B008A72AB /* Sources */ = {
			isa = PBXSourcesBuildPhase;
			buildActionMask = 2147483647;
			files = (
				36CA68C0282AF00B008A72AB /* FinalProject1Tests.swift in Sources */,
			);
			runOnlyForDeploymentPostprocessing = 0;
		};
		36CA68C1282AF00B008A72AB /* Sources */ = {
			isa = PBXSourcesBuildPhase;
			buildActionMask = 2147483647;
			files = (
				36CA68CA282AF00B008A72AB /* FinalProject1UITests.swift in Sources */,
				36CA68CC282AF00B008A72AB /* FinalProject1UITestsLaunchTests.swift in Sources */,
			);
			runOnlyForDeploymentPostprocessing = 0;
		};
/* End PBXSourcesBuildPhase section */

/* Begin PBXTargetDependency section */
		36CA68BD282AF00B008A72AB /* PBXTargetDependency */ = {
			isa = PBXTargetDependency;
			target = 36CA68A1282AF008008A72AB /* FinalProject1 */;
			targetProxy = 36CA68BC282AF00B008A72AB /* PBXContainerItemProxy */;
		};
		36CA68C7282AF00B008A72AB /* PBXTargetDependency */ = {
			isa = PBXTargetDependency;
			target = 36CA68A1282AF008008A72AB /* FinalProject1 */;
			targetProxy = 36CA68C6282AF00B008A72AB /* PBXContainerItemProxy */;
		};
/* End PBXTargetDependency section */

/* Begin PBXVariantGroup section */
		36CA68AB282AF008008A72AB /* Main.storyboard */ = {
			isa = PBXVariantGroup;
			children = (
				36CA68AC282AF008008A72AB /* Base */,
			);
			name = Main.storyboard;
			sourceTree = "<group>";
		};
		36CA68B3282AF00B008A72AB /* LaunchScreen.storyboard */ = {
			isa = PBXVariantGroup;
			children = (
				36CA68B4282AF00B008A72AB /* Base */,
			);
			name = LaunchScreen.storyboard;
			sourceTree = "<group>";
		};
/* End PBXVariantGroup section */

/* Begin XCBuildConfiguration section */
		36CA68CD282AF00B008A72AB /* Debug */ = {
			isa = XCBuildConfiguration;
			buildSettings = {
				ALWAYS_SEARCH_USER_PATHS = NO;
				CLANG_ANALYZER_NONNULL = YES;
				CLANG_ANALYZER_NUMBER_OBJECT_CONVERSION = YES_AGGRESSIVE;
				CLANG_CXX_LANGUAGE_STANDARD = "gnu++17";
				CLANG_CXX_LIBRARY = "libc++";
				CLANG_ENABLE_MODULES = YES;
				CLANG_ENABLE_OBJC_ARC = YES;
				CLANG_ENABLE_OBJC_WEAK = YES;
				CLANG_WARN_BLOCK_CAPTURE_AUTORELEASING = YES;
				CLANG_WARN_BOOL_CONVERSION = YES;
				CLANG_WARN_COMMA = YES;
				CLANG_WARN_CONSTANT_CONVERSION = YES;
				CLANG_WARN_DEPRECATED_OBJC_IMPLEMENTATIONS = YES;
				CLANG_WARN_DIRECT_OBJC_ISA_USAGE = YES_ERROR;
				CLANG_WARN_DOCUMENTATION_COMMENTS = YES;
				CLANG_WARN_EMPTY_BODY = YES;
				CLANG_WARN_ENUM_CONVERSION = YES;
				CLANG_WARN_INFINITE_RECURSION = YES;
				CLANG_WARN_INT_CONVERSION = YES;
				CLANG_WARN_NON_LITERAL_NULL_CONVERSION = YES;
				CLANG_WARN_OBJC_IMPLICIT_RETAIN_SELF = YES;
				CLANG_WARN_OBJC_LITERAL_CONVERSION = YES;
				CLANG_WARN_OBJC_ROOT_CLASS = YES_ERROR;
				CLANG_WARN_QUOTED_INCLUDE_IN_FRAMEWORK_HEADER = YES;
				CLANG_WARN_RANGE_LOOP_ANALYSIS = YES;
				CLANG_WARN_STRICT_PROTOTYPES = YES;
				CLANG_WARN_SUSPICIOUS_MOVE = YES;
				CLANG_WARN_UNGUARDED_AVAILABILITY = YES_AGGRESSIVE;
				CLANG_WARN_UNREACHABLE_CODE = YES;
				CLANG_WARN__DUPLICATE_METHOD_MATCH = YES;
				COPY_PHASE_STRIP = NO;
				DEBUG_INFORMATION_FORMAT = dwarf;
				ENABLE_STRICT_OBJC_MSGSEND = YES;
				ENABLE_TESTABILITY = YES;
				GCC_C_LANGUAGE_STANDARD = gnu11;
				GCC_DYNAMIC_NO_PIC = NO;
				GCC_NO_COMMON_BLOCKS = YES;
				GCC_OPTIMIZATION_LEVEL = 0;
				GCC_PREPROCESSOR_DEFINITIONS = (
					"DEBUG=1",
					"$(inherited)",
				);
				GCC_WARN_64_TO_32_BIT_CONVERSION = YES;
				GCC_WARN_ABOUT_RETURN_TYPE = YES_ERROR;
				GCC_WARN_UNDECLARED_SELECTOR = YES;
				GCC_WARN_UNINITIALIZED_AUTOS = YES_AGGRESSIVE;
				GCC_WARN_UNUSED_FUNCTION = YES;
				GCC_WARN_UNUSED_VARIABLE = YES;
				IPHONEOS_DEPLOYMENT_TARGET = 15.2;
				MTL_ENABLE_DEBUG_INFO = INCLUDE_SOURCE;
				MTL_FAST_MATH = YES;
				ONLY_ACTIVE_ARCH = YES;
				SDKROOT = iphoneos;
				SWIFT_ACTIVE_COMPILATION_CONDITIONS = DEBUG;
				SWIFT_OPTIMIZATION_LEVEL = "-Onone";
			};
			name = Debug;
		};
		36CA68CE282AF00B008A72AB /* Release */ = {
			isa = XCBuildConfiguration;
			buildSettings = {
				ALWAYS_SEARCH_USER_PATHS = NO;
				CLANG_ANALYZER_NONNULL = YES;
				CLANG_ANALYZER_NUMBER_OBJECT_CONVERSION = YES_AGGRESSIVE;
				CLANG_CXX_LANGUAGE_STANDARD = "gnu++17";
				CLANG_CXX_LIBRARY = "libc++";
				CLANG_ENABLE_MODULES = YES;
				CLANG_ENABLE_OBJC_ARC = YES;
				CLANG_ENABLE_OBJC_WEAK = YES;
				CLANG_WARN_BLOCK_CAPTURE_AUTORELEASING = YES;
				CLANG_WARN_BOOL_CONVERSION = YES;
				CLANG_WARN_COMMA = YES;
				CLANG_WARN_CONSTANT_CONVERSION = YES;
				CLANG_WARN_DEPRECATED_OBJC_IMPLEMENTATIONS = YES;
				CLANG_WARN_DIRECT_OBJC_ISA_USAGE = YES_ERROR;
				CLANG_WARN_DOCUMENTATION_COMMENTS = YES;
				CLANG_WARN_EMPTY_BODY = YES;
				CLANG_WARN_ENUM_CONVERSION = YES;
				CLANG_WARN_INFINITE_RECURSION = YES;
				CLANG_WARN_INT_CONVERSION = YES;
				CLANG_WARN_NON_LITERAL_NULL_CONVERSION = YES;
				CLANG_WARN_OBJC_IMPLICIT_RETAIN_SELF = YES;
				CLANG_WARN_OBJC_LITERAL_CONVERSION = YES;
				CLANG_WARN_OBJC_ROOT_CLASS = YES_ERROR;
				CLANG_WARN_QUOTED_INCLUDE_IN_FRAMEWORK_HEADER = YES;
				CLANG_WARN_RANGE_LOOP_ANALYSIS = YES;
				CLANG_WARN_STRICT_PROTOTYPES = YES;
				CLANG_WARN_SUSPICIOUS_MOVE = YES;
				CLANG_WARN_UNGUARDED_AVAILABILITY = YES_AGGRESSIVE;
				CLANG_WARN_UNREACHABLE_CODE = YES;
				CLANG_WARN__DUPLICATE_METHOD_MATCH = YES;
				COPY_PHASE_STRIP = NO;
				DEBUG_INFORMATION_FORMAT = "dwarf-with-dsym";
				ENABLE_NS_ASSERTIONS = NO;
				ENABLE_STRICT_OBJC_MSGSEND = YES;
				GCC_C_LANGUAGE_STANDARD = gnu11;
				GCC_NO_COMMON_BLOCKS = YES;
				GCC_WARN_64_TO_32_BIT_CONVERSION = YES;
				GCC_WARN_ABOUT_RETURN_TYPE = YES_ERROR;
				GCC_WARN_UNDECLARED_SELECTOR = YES;
				GCC_WARN_UNINITIALIZED_AUTOS = YES_AGGRESSIVE;
				GCC_WARN_UNUSED_FUNCTION = YES;
				GCC_WARN_UNUSED_VARIABLE = YES;
				IPHONEOS_DEPLOYMENT_TARGET = 15.2;
				MTL_ENABLE_DEBUG_INFO = NO;
				MTL_FAST_MATH = YES;
				SDKROOT = iphoneos;
				SWIFT_COMPILATION_MODE = wholemodule;
				SWIFT_OPTIMIZATION_LEVEL = "-O";
				VALIDATE_PRODUCT = YES;
			};
			name = Release;
		};
		36CA68D0282AF00B008A72AB /* Debug */ = {
			isa = XCBuildConfiguration;
			buildSettings = {
				ASSETCATALOG_COMPILER_APPICON_NAME = AppIcon;
				ASSETCATALOG_COMPILER_GLOBAL_ACCENT_COLOR_NAME = AccentColor;
				CODE_SIGN_STYLE = Automatic;
				CURRENT_PROJECT_VERSION = 1;
				GENERATE_INFOPLIST_FILE = YES;
				INFOPLIST_FILE = FinalProject1/Info.plist;
				INFOPLIST_KEY_UIApplicationSupportsIndirectInputEvents = YES;
				INFOPLIST_KEY_UILaunchStoryboardName = LaunchScreen;
				INFOPLIST_KEY_UIMainStoryboardFile = Main;
				INFOPLIST_KEY_UISupportedInterfaceOrientations_iPad = "UIInterfaceOrientationPortrait UIInterfaceOrientationPortraitUpsideDown UIInterfaceOrientationLandscapeLeft UIInterfaceOrientationLandscapeRight";
				INFOPLIST_KEY_UISupportedInterfaceOrientations_iPhone = "UIInterfaceOrientationPortrait UIInterfaceOrientationLandscapeLeft UIInterfaceOrientationLandscapeRight";
				LD_RUNPATH_SEARCH_PATHS = (
					"$(inherited)",
					"@executable_path/Frameworks",
				);
				MARKETING_VERSION = 1.0;
				PRODUCT_BUNDLE_IDENTIFIER = org.ssfs.FinalProject1;
				PRODUCT_NAME = "$(TARGET_NAME)";
				SWIFT_EMIT_LOC_STRINGS = YES;
				SWIFT_VERSION = 5.0;
				TARGETED_DEVICE_FAMILY = "1,2";
			};
			name = Debug;
		};
		36CA68D1282AF00B008A72AB /* Release */ = {
			isa = XCBuildConfiguration;
			buildSettings = {
				ASSETCATALOG_COMPILER_APPICON_NAME = AppIcon;
				ASSETCATALOG_COMPILER_GLOBAL_ACCENT_COLOR_NAME = AccentColor;
				CODE_SIGN_STYLE = Automatic;
				CURRENT_PROJECT_VERSION = 1;
				GENERATE_INFOPLIST_FILE = YES;
				INFOPLIST_FILE = FinalProject1/Info.plist;
				INFOPLIST_KEY_UIApplicationSupportsIndirectInputEvents = YES;
				INFOPLIST_KEY_UILaunchStoryboardName = LaunchScreen;
				INFOPLIST_KEY_UIMainStoryboardFile = Main;
				INFOPLIST_KEY_UISupportedInterfaceOrientations_iPad = "UIInterfaceOrientationPortrait UIInterfaceOrientationPortraitUpsideDown UIInterfaceOrientationLandscapeLeft UIInterfaceOrientationLandscapeRight";
				INFOPLIST_KEY_UISupportedInterfaceOrientations_iPhone = "UIInterfaceOrientationPortrait UIInterfaceOrientationLandscapeLeft UIInterfaceOrientationLandscapeRight";
				LD_RUNPATH_SEARCH_PATHS = (
					"$(inherited)",
					"@executable_path/Frameworks",
				);
				MARKETING_VERSION = 1.0;
				PRODUCT_BUNDLE_IDENTIFIER = org.ssfs.FinalProject1;
				PRODUCT_NAME = "$(TARGET_NAME)";
				SWIFT_EMIT_LOC_STRINGS = YES;
				SWIFT_VERSION = 5.0;
				TARGETED_DEVICE_FAMILY = "1,2";
			};
			name = Release;
		};
		36CA68D3282AF00B008A72AB /* Debug */ = {
			isa = XCBuildConfiguration;
			buildSettings = {
				ALWAYS_EMBED_SWIFT_STANDARD_LIBRARIES = YES;
				BUNDLE_LOADER = "$(TEST_HOST)";
				CODE_SIGN_STYLE = Automatic;
				CURRENT_PROJECT_VERSION = 1;
				GENERATE_INFOPLIST_FILE = YES;
				IPHONEOS_DEPLOYMENT_TARGET = 15.2;
				MARKETING_VERSION = 1.0;
				PRODUCT_BUNDLE_IDENTIFIER = org.ssfs.FinalProject1Tests;
				PRODUCT_NAME = "$(TARGET_NAME)";
				SWIFT_EMIT_LOC_STRINGS = NO;
				SWIFT_VERSION = 5.0;
				TARGETED_DEVICE_FAMILY = "1,2";
				TEST_HOST = "$(BUILT_PRODUCTS_DIR)/FinalProject1.app/FinalProject1";
			};
			name = Debug;
		};
		36CA68D4282AF00B008A72AB /* Release */ = {
			isa = XCBuildConfiguration;
			buildSettings = {
				ALWAYS_EMBED_SWIFT_STANDARD_LIBRARIES = YES;
				BUNDLE_LOADER = "$(TEST_HOST)";
				CODE_SIGN_STYLE = Automatic;
				CURRENT_PROJECT_VERSION = 1;
				GENERATE_INFOPLIST_FILE = YES;
				IPHONEOS_DEPLOYMENT_TARGET = 15.2;
				MARKETING_VERSION = 1.0;
				PRODUCT_BUNDLE_IDENTIFIER = org.ssfs.FinalProject1Tests;
				PRODUCT_NAME = "$(TARGET_NAME)";
				SWIFT_EMIT_LOC_STRINGS = NO;
				SWIFT_VERSION = 5.0;
				TARGETED_DEVICE_FAMILY = "1,2";
				TEST_HOST = "$(BUILT_PRODUCTS_DIR)/FinalProject1.app/FinalProject1";
			};
			name = Release;
		};
		36CA68D6282AF00B008A72AB /* Debug */ = {
			isa = XCBuildConfiguration;
			buildSettings = {
				ALWAYS_EMBED_SWIFT_STANDARD_LIBRARIES = YES;
				CODE_SIGN_STYLE = Automatic;
				CURRENT_PROJECT_VERSION = 1;
				GENERATE_INFOPLIST_FILE = YES;
				MARKETING_VERSION = 1.0;
				PRODUCT_BUNDLE_IDENTIFIER = org.ssfs.FinalProject1UITests;
				PRODUCT_NAME = "$(TARGET_NAME)";
				SWIFT_EMIT_LOC_STRINGS = NO;
				SWIFT_VERSION = 5.0;
				TARGETED_DEVICE_FAMILY = "1,2";
				TEST_TARGET_NAME = FinalProject1;
			};
			name = Debug;
		};
		36CA68D7282AF00B008A72AB /* Release */ = {
			isa = XCBuildConfiguration;
			buildSettings = {
				ALWAYS_EMBED_SWIFT_STANDARD_LIBRARIES = YES;
				CODE_SIGN_STYLE = Automatic;
				CURRENT_PROJECT_VERSION = 1;
				GENERATE_INFOPLIST_FILE = YES;
				MARKETING_VERSION = 1.0;
				PRODUCT_BUNDLE_IDENTIFIER = org.ssfs.FinalProject1UITests;
				PRODUCT_NAME = "$(TARGET_NAME)";
				SWIFT_EMIT_LOC_STRINGS = NO;
				SWIFT_VERSION = 5.0;
				TARGETED_DEVICE_FAMILY = "1,2";
				TEST_TARGET_NAME = FinalProject1;
			};
			name = Release;
		};
/* End XCBuildConfiguration section */

/* Begin XCConfigurationList section */
		36CA689D282AF008008A72AB /* Build configuration list for PBXProject "FinalProject1" */ = {
			isa = XCConfigurationList;
			buildConfigurations = (
				36CA68CD282AF00B008A72AB /* Debug */,
				36CA68CE282AF00B008A72AB /* Release */,
			);
			defaultConfigurationIsVisible = 0;
			defaultConfigurationName = Release;
		};
		36CA68CF282AF00B008A72AB /* Build configuration list for PBXNativeTarget "FinalProject1" */ = {
			isa = XCConfigurationList;
			buildConfigurations = (
				36CA68D0282AF00B008A72AB /* Debug */,
				36CA68D1282AF00B008A72AB /* Release */,
			);
			defaultConfigurationIsVisible = 0;
			defaultConfigurationName = Release;
		};
		36CA68D2282AF00B008A72AB /* Build configuration list for PBXNativeTarget "FinalProject1Tests" */ = {
			isa = XCConfigurationList;
			buildConfigurations = (
				36CA68D3282AF00B008A72AB /* Debug */,
				36CA68D4282AF00B008A72AB /* Release */,
			);
			defaultConfigurationIsVisible = 0;
			defaultConfigurationName = Release;
		};
		36CA68D5282AF00B008A72AB /* Build configuration list for PBXNativeTarget "FinalProject1UITests" */ = {
			isa = XCConfigurationList;
			buildConfigurations = (
				36CA68D6282AF00B008A72AB /* Debug */,
				36CA68D7282AF00B008A72AB /* Release */,
			);
			defaultConfigurationIsVisible = 0;
			defaultConfigurationName = Release;
		};
/* End XCConfigurationList section */

/* Begin XCVersionGroup section */
		36CA68AE282AF008008A72AB /* FinalProject1.xcdatamodeld */ = {
			isa = XCVersionGroup;
			children = (
				36CA68AF282AF008008A72AB /* FinalProject1.xcdatamodel */,
			);
			currentVersion = 36CA68AF282AF008008A72AB /* FinalProject1.xcdatamodel */;
			path = FinalProject1.xcdatamodeld;
			sourceTree = "<group>";
			versionGroupType = wrapper.xcdatamodel;
		};
/* End XCVersionGroup section */
	};
	rootObject = 36CA689A282AF008008A72AB /* Project object */;
}
