// !$*UTF8*$!
{
	archiveVersion = 1;
	classes = {
	};
	objectVersion = 55;
	objects = {

/* Begin PBXBuildFile section */
		365D036127FC8E5000FD9AE8 /* AppDelegate.swift in Sources */ = {isa = PBXBuildFile; fileRef = 365D036027FC8E5000FD9AE8 /* AppDelegate.swift */; };
		365D036327FC8E5000FD9AE8 /* SceneDelegate.swift in Sources */ = {isa = PBXBuildFile; fileRef = 365D036227FC8E5000FD9AE8 /* SceneDelegate.swift */; };
		365D036527FC8E5000FD9AE8 /* ViewController.swift in Sources */ = {isa = PBXBuildFile; fileRef = 365D036427FC8E5000FD9AE8 /* ViewController.swift */; };
		365D036827FC8E5000FD9AE8 /* Main.storyboard in Resources */ = {isa = PBXBuildFile; fileRef = 365D036627FC8E5000FD9AE8 /* Main.storyboard */; };
		365D036A27FC8E5200FD9AE8 /* Assets.xcassets in Resources */ = {isa = PBXBuildFile; fileRef = 365D036927FC8E5200FD9AE8 /* Assets.xcassets */; };
		365D036D27FC8E5200FD9AE8 /* LaunchScreen.storyboard in Resources */ = {isa = PBXBuildFile; fileRef = 365D036B27FC8E5200FD9AE8 /* LaunchScreen.storyboard */; };
		365D037827FC8E5200FD9AE8 /* TutorialScreenTests.swift in Sources */ = {isa = PBXBuildFile; fileRef = 365D037727FC8E5200FD9AE8 /* TutorialScreenTests.swift */; };
		365D038227FC8E5200FD9AE8 /* TutorialScreenUITests.swift in Sources */ = {isa = PBXBuildFile; fileRef = 365D038127FC8E5200FD9AE8 /* TutorialScreenUITests.swift */; };
		365D038427FC8E5200FD9AE8 /* TutorialScreenUITestsLaunchTests.swift in Sources */ = {isa = PBXBuildFile; fileRef = 365D038327FC8E5200FD9AE8 /* TutorialScreenUITestsLaunchTests.swift */; };
/* End PBXBuildFile section */

/* Begin PBXContainerItemProxy section */
		365D037427FC8E5200FD9AE8 /* PBXContainerItemProxy */ = {
			isa = PBXContainerItemProxy;
			containerPortal = 365D035527FC8E4F00FD9AE8 /* Project object */;
			proxyType = 1;
			remoteGlobalIDString = 365D035C27FC8E4F00FD9AE8;
			remoteInfo = TutorialScreen;
		};
		365D037E27FC8E5200FD9AE8 /* PBXContainerItemProxy */ = {
			isa = PBXContainerItemProxy;
			containerPortal = 365D035527FC8E4F00FD9AE8 /* Project object */;
			proxyType = 1;
			remoteGlobalIDString = 365D035C27FC8E4F00FD9AE8;
			remoteInfo = TutorialScreen;
		};
/* End PBXContainerItemProxy section */

/* Begin PBXFileReference section */
		365D035D27FC8E5000FD9AE8 /* TutorialScreen.app */ = {isa = PBXFileReference; explicitFileType = wrapper.application; includeInIndex = 0; path = TutorialScreen.app; sourceTree = BUILT_PRODUCTS_DIR; };
		365D036027FC8E5000FD9AE8 /* AppDelegate.swift */ = {isa = PBXFileReference; lastKnownFileType = sourcecode.swift; path = AppDelegate.swift; sourceTree = "<group>"; };
		365D036227FC8E5000FD9AE8 /* SceneDelegate.swift */ = {isa = PBXFileReference; lastKnownFileType = sourcecode.swift; path = SceneDelegate.swift; sourceTree = "<group>"; };
		365D036427FC8E5000FD9AE8 /* ViewController.swift */ = {isa = PBXFileReference; lastKnownFileType = sourcecode.swift; path = ViewController.swift; sourceTree = "<group>"; };
		365D036727FC8E5000FD9AE8 /* Base */ = {isa = PBXFileReference; lastKnownFileType = file.storyboard; name = Base; path = Base.lproj/Main.storyboard; sourceTree = "<group>"; };
		365D036927FC8E5200FD9AE8 /* Assets.xcassets */ = {isa = PBXFileReference; lastKnownFileType = folder.assetcatalog; path = Assets.xcassets; sourceTree = "<group>"; };
		365D036C27FC8E5200FD9AE8 /* Base */ = {isa = PBXFileReference; lastKnownFileType = file.storyboard; name = Base; path = Base.lproj/LaunchScreen.storyboard; sourceTree = "<group>"; };
		365D036E27FC8E5200FD9AE8 /* Info.plist */ = {isa = PBXFileReference; lastKnownFileType = text.plist.xml; path = Info.plist; sourceTree = "<group>"; };
		365D037327FC8E5200FD9AE8 /* TutorialScreenTests.xctest */ = {isa = PBXFileReference; explicitFileType = wrapper.cfbundle; includeInIndex = 0; path = TutorialScreenTests.xctest; sourceTree = BUILT_PRODUCTS_DIR; };
		365D037727FC8E5200FD9AE8 /* TutorialScreenTests.swift */ = {isa = PBXFileReference; lastKnownFileType = sourcecode.swift; path = TutorialScreenTests.swift; sourceTree = "<group>"; };
		365D037D27FC8E5200FD9AE8 /* TutorialScreenUITests.xctest */ = {isa = PBXFileReference; explicitFileType = wrapper.cfbundle; includeInIndex = 0; path = TutorialScreenUITests.xctest; sourceTree = BUILT_PRODUCTS_DIR; };
		365D038127FC8E5200FD9AE8 /* TutorialScreenUITests.swift */ = {isa = PBXFileReference; lastKnownFileType = sourcecode.swift; path = TutorialScreenUITests.swift; sourceTree = "<group>"; };
		365D038327FC8E5200FD9AE8 /* TutorialScreenUITestsLaunchTests.swift */ = {isa = PBXFileReference; lastKnownFileType = sourcecode.swift; path = TutorialScreenUITestsLaunchTests.swift; sourceTree = "<group>"; };
/* End PBXFileReference section */

/* Begin PBXFrameworksBuildPhase section */
		365D035A27FC8E4F00FD9AE8 /* Frameworks */ = {
			isa = PBXFrameworksBuildPhase;
			buildActionMask = 2147483647;
			files = (
			);
			runOnlyForDeploymentPostprocessing = 0;
		};
		365D037027FC8E5200FD9AE8 /* Frameworks */ = {
			isa = PBXFrameworksBuildPhase;
			buildActionMask = 2147483647;
			files = (
			);
			runOnlyForDeploymentPostprocessing = 0;
		};
		365D037A27FC8E5200FD9AE8 /* Frameworks */ = {
			isa = PBXFrameworksBuildPhase;
			buildActionMask = 2147483647;
			files = (
			);
			runOnlyForDeploymentPostprocessing = 0;
		};
/* End PBXFrameworksBuildPhase section */

/* Begin PBXGroup section */
		365D035427FC8E4F00FD9AE8 = {
			isa = PBXGroup;
			children = (
				365D035F27FC8E5000FD9AE8 /* TutorialScreen */,
				365D037627FC8E5200FD9AE8 /* TutorialScreenTests */,
				365D038027FC8E5200FD9AE8 /* TutorialScreenUITests */,
				365D035E27FC8E5000FD9AE8 /* Products */,
			);
			sourceTree = "<group>";
		};
		365D035E27FC8E5000FD9AE8 /* Products */ = {
			isa = PBXGroup;
			children = (
				365D035D27FC8E5000FD9AE8 /* TutorialScreen.app */,
				365D037327FC8E5200FD9AE8 /* TutorialScreenTests.xctest */,
				365D037D27FC8E5200FD9AE8 /* TutorialScreenUITests.xctest */,
			);
			name = Products;
			sourceTree = "<group>";
		};
		365D035F27FC8E5000FD9AE8 /* TutorialScreen */ = {
			isa = PBXGroup;
			children = (
				365D036027FC8E5000FD9AE8 /* AppDelegate.swift */,
				365D036227FC8E5000FD9AE8 /* SceneDelegate.swift */,
				365D036427FC8E5000FD9AE8 /* ViewController.swift */,
				365D036627FC8E5000FD9AE8 /* Main.storyboard */,
				365D036927FC8E5200FD9AE8 /* Assets.xcassets */,
				365D036B27FC8E5200FD9AE8 /* LaunchScreen.storyboard */,
				365D036E27FC8E5200FD9AE8 /* Info.plist */,
			);
			path = TutorialScreen;
			sourceTree = "<group>";
		};
		365D037627FC8E5200FD9AE8 /* TutorialScreenTests */ = {
			isa = PBXGroup;
			children = (
				365D037727FC8E5200FD9AE8 /* TutorialScreenTests.swift */,
			);
			path = TutorialScreenTests;
			sourceTree = "<group>";
		};
		365D038027FC8E5200FD9AE8 /* TutorialScreenUITests */ = {
			isa = PBXGroup;
			children = (
				365D038127FC8E5200FD9AE8 /* TutorialScreenUITests.swift */,
				365D038327FC8E5200FD9AE8 /* TutorialScreenUITestsLaunchTests.swift */,
			);
			path = TutorialScreenUITests;
			sourceTree = "<group>";
		};
/* End PBXGroup section */

/* Begin PBXNativeTarget section */
		365D035C27FC8E4F00FD9AE8 /* TutorialScreen */ = {
			isa = PBXNativeTarget;
			buildConfigurationList = 365D038727FC8E5200FD9AE8 /* Build configuration list for PBXNativeTarget "TutorialScreen" */;
			buildPhases = (
				365D035927FC8E4F00FD9AE8 /* Sources */,
				365D035A27FC8E4F00FD9AE8 /* Frameworks */,
				365D035B27FC8E4F00FD9AE8 /* Resources */,
			);
			buildRules = (
			);
			dependencies = (
			);
			name = TutorialScreen;
			productName = TutorialScreen;
			productReference = 365D035D27FC8E5000FD9AE8 /* TutorialScreen.app */;
			productType = "com.apple.product-type.application";
		};
		365D037227FC8E5200FD9AE8 /* TutorialScreenTests */ = {
			isa = PBXNativeTarget;
			buildConfigurationList = 365D038A27FC8E5200FD9AE8 /* Build configuration list for PBXNativeTarget "TutorialScreenTests" */;
			buildPhases = (
				365D036F27FC8E5200FD9AE8 /* Sources */,
				365D037027FC8E5200FD9AE8 /* Frameworks */,
				365D037127FC8E5200FD9AE8 /* Resources */,
			);
			buildRules = (
			);
			dependencies = (
				365D037527FC8E5200FD9AE8 /* PBXTargetDependency */,
			);
			name = TutorialScreenTests;
			productName = TutorialScreenTests;
			productReference = 365D037327FC8E5200FD9AE8 /* TutorialScreenTests.xctest */;
			productType = "com.apple.product-type.bundle.unit-test";
		};
		365D037C27FC8E5200FD9AE8 /* TutorialScreenUITests */ = {
			isa = PBXNativeTarget;
			buildConfigurationList = 365D038D27FC8E5200FD9AE8 /* Build configuration list for PBXNativeTarget "TutorialScreenUITests" */;
			buildPhases = (
				365D037927FC8E5200FD9AE8 /* Sources */,
				365D037A27FC8E5200FD9AE8 /* Frameworks */,
				365D037B27FC8E5200FD9AE8 /* Resources */,
			);
			buildRules = (
			);
			dependencies = (
				365D037F27FC8E5200FD9AE8 /* PBXTargetDependency */,
			);
			name = TutorialScreenUITests;
			productName = TutorialScreenUITests;
			productReference = 365D037D27FC8E5200FD9AE8 /* TutorialScreenUITests.xctest */;
			productType = "com.apple.product-type.bundle.ui-testing";
		};
/* End PBXNativeTarget section */

/* Begin PBXProject section */
		365D035527FC8E4F00FD9AE8 /* Project object */ = {
			isa = PBXProject;
			attributes = {
				BuildIndependentTargetsInParallel = 1;
				LastSwiftUpdateCheck = 1320;
				LastUpgradeCheck = 1320;
				TargetAttributes = {
					365D035C27FC8E4F00FD9AE8 = {
						CreatedOnToolsVersion = 13.2.1;
					};
					365D037227FC8E5200FD9AE8 = {
						CreatedOnToolsVersion = 13.2.1;
						TestTargetID = 365D035C27FC8E4F00FD9AE8;
					};
					365D037C27FC8E5200FD9AE8 = {
						CreatedOnToolsVersion = 13.2.1;
						TestTargetID = 365D035C27FC8E4F00FD9AE8;
					};
				};
			};
			buildConfigurationList = 365D035827FC8E4F00FD9AE8 /* Build configuration list for PBXProject "TutorialScreen" */;
			compatibilityVersion = "Xcode 13.0";
			developmentRegion = en;
			hasScannedForEncodings = 0;
			knownRegions = (
				en,
				Base,
			);
			mainGroup = 365D035427FC8E4F00FD9AE8;
			productRefGroup = 365D035E27FC8E5000FD9AE8 /* Products */;
			projectDirPath = "";
			projectRoot = "";
			targets = (
				365D035C27FC8E4F00FD9AE8 /* TutorialScreen */,
				365D037227FC8E5200FD9AE8 /* TutorialScreenTests */,
				365D037C27FC8E5200FD9AE8 /* TutorialScreenUITests */,
			);
		};
/* End PBXProject section */

/* Begin PBXResourcesBuildPhase section */
		365D035B27FC8E4F00FD9AE8 /* Resources */ = {
			isa = PBXResourcesBuildPhase;
			buildActionMask = 2147483647;
			files = (
				365D036D27FC8E5200FD9AE8 /* LaunchScreen.storyboard in Resources */,
				365D036A27FC8E5200FD9AE8 /* Assets.xcassets in Resources */,
				365D036827FC8E5000FD9AE8 /* Main.storyboard in Resources */,
			);
			runOnlyForDeploymentPostprocessing = 0;
		};
		365D037127FC8E5200FD9AE8 /* Resources */ = {
			isa = PBXResourcesBuildPhase;
			buildActionMask = 2147483647;
			files = (
			);
			runOnlyForDeploymentPostprocessing = 0;
		};
		365D037B27FC8E5200FD9AE8 /* Resources */ = {
			isa = PBXResourcesBuildPhase;
			buildActionMask = 2147483647;
			files = (
			);
			runOnlyForDeploymentPostprocessing = 0;
		};
/* End PBXResourcesBuildPhase section */

/* Begin PBXSourcesBuildPhase section */
		365D035927FC8E4F00FD9AE8 /* Sources */ = {
			isa = PBXSourcesBuildPhase;
			buildActionMask = 2147483647;
			files = (
				365D036527FC8E5000FD9AE8 /* ViewController.swift in Sources */,
				365D036127FC8E5000FD9AE8 /* AppDelegate.swift in Sources */,
				365D036327FC8E5000FD9AE8 /* SceneDelegate.swift in Sources */,
			);
			runOnlyForDeploymentPostprocessing = 0;
		};
		365D036F27FC8E5200FD9AE8 /* Sources */ = {
			isa = PBXSourcesBuildPhase;
			buildActionMask = 2147483647;
			files = (
				365D037827FC8E5200FD9AE8 /* TutorialScreenTests.swift in Sources */,
			);
			runOnlyForDeploymentPostprocessing = 0;
		};
		365D037927FC8E5200FD9AE8 /* Sources */ = {
			isa = PBXSourcesBuildPhase;
			buildActionMask = 2147483647;
			files = (
				365D038427FC8E5200FD9AE8 /* TutorialScreenUITestsLaunchTests.swift in Sources */,
				365D038227FC8E5200FD9AE8 /* TutorialScreenUITests.swift in Sources */,
			);
			runOnlyForDeploymentPostprocessing = 0;
		};
/* End PBXSourcesBuildPhase section */

/* Begin PBXTargetDependency section */
		365D037527FC8E5200FD9AE8 /* PBXTargetDependency */ = {
			isa = PBXTargetDependency;
			target = 365D035C27FC8E4F00FD9AE8 /* TutorialScreen */;
			targetProxy = 365D037427FC8E5200FD9AE8 /* PBXContainerItemProxy */;
		};
		365D037F27FC8E5200FD9AE8 /* PBXTargetDependency */ = {
			isa = PBXTargetDependency;
			target = 365D035C27FC8E4F00FD9AE8 /* TutorialScreen */;
			targetProxy = 365D037E27FC8E5200FD9AE8 /* PBXContainerItemProxy */;
		};
/* End PBXTargetDependency section */

/* Begin PBXVariantGroup section */
		365D036627FC8E5000FD9AE8 /* Main.storyboard */ = {
			isa = PBXVariantGroup;
			children = (
				365D036727FC8E5000FD9AE8 /* Base */,
			);
			name = Main.storyboard;
			sourceTree = "<group>";
		};
		365D036B27FC8E5200FD9AE8 /* LaunchScreen.storyboard */ = {
			isa = PBXVariantGroup;
			children = (
				365D036C27FC8E5200FD9AE8 /* Base */,
			);
			name = LaunchScreen.storyboard;
			sourceTree = "<group>";
		};
/* End PBXVariantGroup section */

/* Begin XCBuildConfiguration section */
		365D038527FC8E5200FD9AE8 /* Debug */ = {
			isa = XCBuildConfiguration;
			buildSettings = {
				ALWAYS_SEARCH_USER_PATHS = NO;
				CLANG_ANALYZER_NONNULL = YES;
				CLANG_ANALYZER_NUMBER_OBJECT_CONVERSION = YES_AGGRESSIVE;
				CLANG_CXX_LANGUAGE_STANDARD = "gnu++17";
				CLANG_CXX_LIBRARY = "libc++";
				CLANG_ENABLE_MODULES = YES;
				CLANG_ENABLE_OBJC_ARC = YES;
				CLANG_ENABLE_OBJC_WEAK = YES;
				CLANG_WARN_BLOCK_CAPTURE_AUTORELEASING = YES;
				CLANG_WARN_BOOL_CONVERSION = YES;
				CLANG_WARN_COMMA = YES;
				CLANG_WARN_CONSTANT_CONVERSION = YES;
				CLANG_WARN_DEPRECATED_OBJC_IMPLEMENTATIONS = YES;
				CLANG_WARN_DIRECT_OBJC_ISA_USAGE = YES_ERROR;
				CLANG_WARN_DOCUMENTATION_COMMENTS = YES;
				CLANG_WARN_EMPTY_BODY = YES;
				CLANG_WARN_ENUM_CONVERSION = YES;
				CLANG_WARN_INFINITE_RECURSION = YES;
				CLANG_WARN_INT_CONVERSION = YES;
				CLANG_WARN_NON_LITERAL_NULL_CONVERSION = YES;
				CLANG_WARN_OBJC_IMPLICIT_RETAIN_SELF = YES;
				CLANG_WARN_OBJC_LITERAL_CONVERSION = YES;
				CLANG_WARN_OBJC_ROOT_CLASS = YES_ERROR;
				CLANG_WARN_QUOTED_INCLUDE_IN_FRAMEWORK_HEADER = YES;
				CLANG_WARN_RANGE_LOOP_ANALYSIS = YES;
				CLANG_WARN_STRICT_PROTOTYPES = YES;
				CLANG_WARN_SUSPICIOUS_MOVE = YES;
				CLANG_WARN_UNGUARDED_AVAILABILITY = YES_AGGRESSIVE;
				CLANG_WARN_UNREACHABLE_CODE = YES;
				CLANG_WARN__DUPLICATE_METHOD_MATCH = YES;
				COPY_PHASE_STRIP = NO;
				DEBUG_INFORMATION_FORMAT = dwarf;
				ENABLE_STRICT_OBJC_MSGSEND = YES;
				ENABLE_TESTABILITY = YES;
				GCC_C_LANGUAGE_STANDARD = gnu11;
				GCC_DYNAMIC_NO_PIC = NO;
				GCC_NO_COMMON_BLOCKS = YES;
				GCC_OPTIMIZATION_LEVEL = 0;
				GCC_PREPROCESSOR_DEFINITIONS = (
					"DEBUG=1",
					"$(inherited)",
				);
				GCC_WARN_64_TO_32_BIT_CONVERSION = YES;
				GCC_WARN_ABOUT_RETURN_TYPE = YES_ERROR;
				GCC_WARN_UNDECLARED_SELECTOR = YES;
				GCC_WARN_UNINITIALIZED_AUTOS = YES_AGGRESSIVE;
				GCC_WARN_UNUSED_FUNCTION = YES;
				GCC_WARN_UNUSED_VARIABLE = YES;
				IPHONEOS_DEPLOYMENT_TARGET = 15.2;
				MTL_ENABLE_DEBUG_INFO = INCLUDE_SOURCE;
				MTL_FAST_MATH = YES;
				ONLY_ACTIVE_ARCH = YES;
				SDKROOT = iphoneos;
				SWIFT_ACTIVE_COMPILATION_CONDITIONS = DEBUG;
				SWIFT_OPTIMIZATION_LEVEL = "-Onone";
			};
			name = Debug;
		};
		365D038627FC8E5200FD9AE8 /* Release */ = {
			isa = XCBuildConfiguration;
			buildSettings = {
				ALWAYS_SEARCH_USER_PATHS = NO;
				CLANG_ANALYZER_NONNULL = YES;
				CLANG_ANALYZER_NUMBER_OBJECT_CONVERSION = YES_AGGRESSIVE;
				CLANG_CXX_LANGUAGE_STANDARD = "gnu++17";
				CLANG_CXX_LIBRARY = "libc++";
				CLANG_ENABLE_MODULES = YES;
				CLANG_ENABLE_OBJC_ARC = YES;
				CLANG_ENABLE_OBJC_WEAK = YES;
				CLANG_WARN_BLOCK_CAPTURE_AUTORELEASING = YES;
				CLANG_WARN_BOOL_CONVERSION = YES;
				CLANG_WARN_COMMA = YES;
				CLANG_WARN_CONSTANT_CONVERSION = YES;
				CLANG_WARN_DEPRECATED_OBJC_IMPLEMENTATIONS = YES;
				CLANG_WARN_DIRECT_OBJC_ISA_USAGE = YES_ERROR;
				CLANG_WARN_DOCUMENTATION_COMMENTS = YES;
				CLANG_WARN_EMPTY_BODY = YES;
				CLANG_WARN_ENUM_CONVERSION = YES;
				CLANG_WARN_INFINITE_RECURSION = YES;
				CLANG_WARN_INT_CONVERSION = YES;
				CLANG_WARN_NON_LITERAL_NULL_CONVERSION = YES;
				CLANG_WARN_OBJC_IMPLICIT_RETAIN_SELF = YES;
				CLANG_WARN_OBJC_LITERAL_CONVERSION = YES;
				CLANG_WARN_OBJC_ROOT_CLASS = YES_ERROR;
				CLANG_WARN_QUOTED_INCLUDE_IN_FRAMEWORK_HEADER = YES;
				CLANG_WARN_RANGE_LOOP_ANALYSIS = YES;
				CLANG_WARN_STRICT_PROTOTYPES = YES;
				CLANG_WARN_SUSPICIOUS_MOVE = YES;
				CLANG_WARN_UNGUARDED_AVAILABILITY = YES_AGGRESSIVE;
				CLANG_WARN_UNREACHABLE_CODE = YES;
				CLANG_WARN__DUPLICATE_METHOD_MATCH = YES;
				COPY_PHASE_STRIP = NO;
				DEBUG_INFORMATION_FORMAT = "dwarf-with-dsym";
				ENABLE_NS_ASSERTIONS = NO;
				ENABLE_STRICT_OBJC_MSGSEND = YES;
				GCC_C_LANGUAGE_STANDARD = gnu11;
				GCC_NO_COMMON_BLOCKS = YES;
				GCC_WARN_64_TO_32_BIT_CONVERSION = YES;
				GCC_WARN_ABOUT_RETURN_TYPE = YES_ERROR;
				GCC_WARN_UNDECLARED_SELECTOR = YES;
				GCC_WARN_UNINITIALIZED_AUTOS = YES_AGGRESSIVE;
				GCC_WARN_UNUSED_FUNCTION = YES;
				GCC_WARN_UNUSED_VARIABLE = YES;
				IPHONEOS_DEPLOYMENT_TARGET = 15.2;
				MTL_ENABLE_DEBUG_INFO = NO;
				MTL_FAST_MATH = YES;
				SDKROOT = iphoneos;
				SWIFT_COMPILATION_MODE = wholemodule;
				SWIFT_OPTIMIZATION_LEVEL = "-O";
				VALIDATE_PRODUCT = YES;
			};
			name = Release;
		};
		365D038827FC8E5200FD9AE8 /* Debug */ = {
			isa = XCBuildConfiguration;
			buildSettings = {
				ASSETCATALOG_COMPILER_APPICON_NAME = AppIcon;
				ASSETCATALOG_COMPILER_GLOBAL_ACCENT_COLOR_NAME = AccentColor;
				CODE_SIGN_STYLE = Automatic;
				CURRENT_PROJECT_VERSION = 1;
				GENERATE_INFOPLIST_FILE = YES;
				INFOPLIST_FILE = TutorialScreen/Info.plist;
				INFOPLIST_KEY_UIApplicationSupportsIndirectInputEvents = YES;
				INFOPLIST_KEY_UILaunchStoryboardName = LaunchScreen;
				INFOPLIST_KEY_UIMainStoryboardFile = Main;
				INFOPLIST_KEY_UISupportedInterfaceOrientations_iPad = "UIInterfaceOrientationPortrait UIInterfaceOrientationPortraitUpsideDown UIInterfaceOrientationLandscapeLeft UIInterfaceOrientationLandscapeRight";
				INFOPLIST_KEY_UISupportedInterfaceOrientations_iPhone = "UIInterfaceOrientationPortrait UIInterfaceOrientationLandscapeLeft UIInterfaceOrientationLandscapeRight";
				LD_RUNPATH_SEARCH_PATHS = (
					"$(inherited)",
					"@executable_path/Frameworks",
				);
				MARKETING_VERSION = 1.0;
				PRODUCT_BUNDLE_IDENTIFIER = org.ssfs.TutorialScreen;
				PRODUCT_NAME = "$(TARGET_NAME)";
				SWIFT_EMIT_LOC_STRINGS = YES;
				SWIFT_VERSION = 5.0;
				TARGETED_DEVICE_FAMILY = "1,2";
			};
			name = Debug;
		};
		365D038927FC8E5200FD9AE8 /* Release */ = {
			isa = XCBuildConfiguration;
			buildSettings = {
				ASSETCATALOG_COMPILER_APPICON_NAME = AppIcon;
				ASSETCATALOG_COMPILER_GLOBAL_ACCENT_COLOR_NAME = AccentColor;
				CODE_SIGN_STYLE = Automatic;
				CURRENT_PROJECT_VERSION = 1;
				GENERATE_INFOPLIST_FILE = YES;
				INFOPLIST_FILE = TutorialScreen/Info.plist;
				INFOPLIST_KEY_UIApplicationSupportsIndirectInputEvents = YES;
				INFOPLIST_KEY_UILaunchStoryboardName = LaunchScreen;
				INFOPLIST_KEY_UIMainStoryboardFile = Main;
				INFOPLIST_KEY_UISupportedInterfaceOrientations_iPad = "UIInterfaceOrientationPortrait UIInterfaceOrientationPortraitUpsideDown UIInterfaceOrientationLandscapeLeft UIInterfaceOrientationLandscapeRight";
				INFOPLIST_KEY_UISupportedInterfaceOrientations_iPhone = "UIInterfaceOrientationPortrait UIInterfaceOrientationLandscapeLeft UIInterfaceOrientationLandscapeRight";
				LD_RUNPATH_SEARCH_PATHS = (
					"$(inherited)",
					"@executable_path/Frameworks",
				);
				MARKETING_VERSION = 1.0;
				PRODUCT_BUNDLE_IDENTIFIER = org.ssfs.TutorialScreen;
				PRODUCT_NAME = "$(TARGET_NAME)";
				SWIFT_EMIT_LOC_STRINGS = YES;
				SWIFT_VERSION = 5.0;
				TARGETED_DEVICE_FAMILY = "1,2";
			};
			name = Release;
		};
		365D038B27FC8E5200FD9AE8 /* Debug */ = {
			isa = XCBuildConfiguration;
			buildSettings = {
				ALWAYS_EMBED_SWIFT_STANDARD_LIBRARIES = YES;
				BUNDLE_LOADER = "$(TEST_HOST)";
				CODE_SIGN_STYLE = Automatic;
				CURRENT_PROJECT_VERSION = 1;
				GENERATE_INFOPLIST_FILE = YES;
				IPHONEOS_DEPLOYMENT_TARGET = 15.2;
				MARKETING_VERSION = 1.0;
				PRODUCT_BUNDLE_IDENTIFIER = org.ssfs.TutorialScreenTests;
				PRODUCT_NAME = "$(TARGET_NAME)";
				SWIFT_EMIT_LOC_STRINGS = NO;
				SWIFT_VERSION = 5.0;
				TARGETED_DEVICE_FAMILY = "1,2";
				TEST_HOST = "$(BUILT_PRODUCTS_DIR)/TutorialScreen.app/TutorialScreen";
			};
			name = Debug;
		};
		365D038C27FC8E5200FD9AE8 /* Release */ = {
			isa = XCBuildConfiguration;
			buildSettings = {
				ALWAYS_EMBED_SWIFT_STANDARD_LIBRARIES = YES;
				BUNDLE_LOADER = "$(TEST_HOST)";
				CODE_SIGN_STYLE = Automatic;
				CURRENT_PROJECT_VERSION = 1;
				GENERATE_INFOPLIST_FILE = YES;
				IPHONEOS_DEPLOYMENT_TARGET = 15.2;
				MARKETING_VERSION = 1.0;
				PRODUCT_BUNDLE_IDENTIFIER = org.ssfs.TutorialScreenTests;
				PRODUCT_NAME = "$(TARGET_NAME)";
				SWIFT_EMIT_LOC_STRINGS = NO;
				SWIFT_VERSION = 5.0;
				TARGETED_DEVICE_FAMILY = "1,2";
				TEST_HOST = "$(BUILT_PRODUCTS_DIR)/TutorialScreen.app/TutorialScreen";
			};
			name = Release;
		};
		365D038E27FC8E5200FD9AE8 /* Debug */ = {
			isa = XCBuildConfiguration;
			buildSettings = {
				ALWAYS_EMBED_SWIFT_STANDARD_LIBRARIES = YES;
				CODE_SIGN_STYLE = Automatic;
				CURRENT_PROJECT_VERSION = 1;
				GENERATE_INFOPLIST_FILE = YES;
				MARKETING_VERSION = 1.0;
				PRODUCT_BUNDLE_IDENTIFIER = org.ssfs.TutorialScreenUITests;
				PRODUCT_NAME = "$(TARGET_NAME)";
				SWIFT_EMIT_LOC_STRINGS = NO;
				SWIFT_VERSION = 5.0;
				TARGETED_DEVICE_FAMILY = "1,2";
				TEST_TARGET_NAME = TutorialScreen;
			};
			name = Debug;
		};
		365D038F27FC8E5200FD9AE8 /* Release */ = {
			isa = XCBuildConfiguration;
			buildSettings = {
				ALWAYS_EMBED_SWIFT_STANDARD_LIBRARIES = YES;
				CODE_SIGN_STYLE = Automatic;
				CURRENT_PROJECT_VERSION = 1;
				GENERATE_INFOPLIST_FILE = YES;
				MARKETING_VERSION = 1.0;
				PRODUCT_BUNDLE_IDENTIFIER = org.ssfs.TutorialScreenUITests;
				PRODUCT_NAME = "$(TARGET_NAME)";
				SWIFT_EMIT_LOC_STRINGS = NO;
				SWIFT_VERSION = 5.0;
				TARGETED_DEVICE_FAMILY = "1,2";
				TEST_TARGET_NAME = TutorialScreen;
			};
			name = Release;
		};
/* End XCBuildConfiguration section */

/* Begin XCConfigurationList section */
		365D035827FC8E4F00FD9AE8 /* Build configuration list for PBXProject "TutorialScreen" */ = {
			isa = XCConfigurationList;
			buildConfigurations = (
				365D038527FC8E5200FD9AE8 /* Debug */,
				365D038627FC8E5200FD9AE8 /* Release */,
			);
			defaultConfigurationIsVisible = 0;
			defaultConfigurationName = Release;
		};
		365D038727FC8E5200FD9AE8 /* Build configuration list for PBXNativeTarget "TutorialScreen" */ = {
			isa = XCConfigurationList;
			buildConfigurations = (
				365D038827FC8E5200FD9AE8 /* Debug */,
				365D038927FC8E5200FD9AE8 /* Release */,
			);
			defaultConfigurationIsVisible = 0;
			defaultConfigurationName = Release;
		};
		365D038A27FC8E5200FD9AE8 /* Build configuration list for PBXNativeTarget "TutorialScreenTests" */ = {
			isa = XCConfigurationList;
			buildConfigurations = (
				365D038B27FC8E5200FD9AE8 /* Debug */,
				365D038C27FC8E5200FD9AE8 /* Release */,
			);
			defaultConfigurationIsVisible = 0;
			defaultConfigurationName = Release;
		};
		365D038D27FC8E5200FD9AE8 /* Build configuration list for PBXNativeTarget "TutorialScreenUITests" */ = {
			isa = XCConfigurationList;
			buildConfigurations = (
				365D038E27FC8E5200FD9AE8 /* Debug */,
				365D038F27FC8E5200FD9AE8 /* Release */,
			);
			defaultConfigurationIsVisible = 0;
			defaultConfigurationName = Release;
		};
/* End XCConfigurationList section */
	};
	rootObject = 365D035527FC8E4F00FD9AE8 /* Project object */;
}
